{
  "name": "rakia",
  "version": "1.0.0",
  "lockfileVersion": 1,
  "requires": true,
  "dependencies": {
    "bottlejs": {
      "version": "1.7.1",
      "resolved": "https://registry.npmjs.org/bottlejs/-/bottlejs-1.7.1.tgz",
      "integrity": "sha512-OUex4/uBgIyanzPpMzie5NfMfjJ23Z1mUy8ZC6omFBPwExMeoSrwyndlaZW0tci0unMH2LVfNn+jwDPRQLPncw==",
      "dev": true
    },
    "require-all": {
      "version": "3.0.0",
      "resolved": "https://registry.npmjs.org/require-all/-/require-all-3.0.0.tgz",
      "integrity": "sha1-Rz1JcEvjEBFc4ST3c4Ox69hnExI=",
      "dev": true
    }
  }
}
